// !$*UTF8*$!
{
	archiveVersion = 1;
	classes = {
	};
	objectVersion = 56;
	objects = {

/* Begin PBXBuildFile section */
		FCA8E99B2B6807A700043B61 /* AppDelegate.swift in Sources */ = {isa = PBXBuildFile; fileRef = FCA8E99A2B6807A700043B61 /* AppDelegate.swift */; };
		FCA8E99D2B6807A700043B61 /* SceneDelegate.swift in Sources */ = {isa = PBXBuildFile; fileRef = FCA8E99C2B6807A700043B61 /* SceneDelegate.swift */; };
		FCA8E9A22B6807A700043B61 /* Main.storyboard in Resources */ = {isa = PBXBuildFile; fileRef = FCA8E9A02B6807A700043B61 /* Main.storyboard */; };
		FCA8E9A52B6807A700043B61 /* FinnHub.xcdatamodeld in Sources */ = {isa = PBXBuildFile; fileRef = FCA8E9A32B6807A700043B61 /* FinnHub.xcdatamodeld */; };
		FCA8E9A72B6807A900043B61 /* Assets.xcassets in Resources */ = {isa = PBXBuildFile; fileRef = FCA8E9A62B6807A900043B61 /* Assets.xcassets */; };
		FCA8E9AA2B6807A900043B61 /* LaunchScreen.storyboard in Resources */ = {isa = PBXBuildFile; fileRef = FCA8E9A82B6807A900043B61 /* LaunchScreen.storyboard */; };
		FCA8E9B72B68087E00043B61 /* CompanyProfile.swift in Sources */ = {isa = PBXBuildFile; fileRef = FCA8E9B62B68087E00043B61 /* CompanyProfile.swift */; };
		FCA8E9B92B68088800043B61 /* CompanyNews.swift in Sources */ = {isa = PBXBuildFile; fileRef = FCA8E9B82B68088800043B61 /* CompanyNews.swift */; };
		FCA8E9BB2B68089800043B61 /* PriceTarget.swift in Sources */ = {isa = PBXBuildFile; fileRef = FCA8E9BA2B68089800043B61 /* PriceTarget.swift */; };
		FCA8E9BD2B6808A700043B61 /* Recommendation.swift in Sources */ = {isa = PBXBuildFile; fileRef = FCA8E9BC2B6808A700043B61 /* Recommendation.swift */; };
		FCA8E9BF2B6808BD00043B61 /* Exchange.swift in Sources */ = {isa = PBXBuildFile; fileRef = FCA8E9BE2B6808BD00043B61 /* Exchange.swift */; };
		FCA8E9C12B6808F900043B61 /* NetworkManager.swift in Sources */ = {isa = PBXBuildFile; fileRef = FCA8E9C02B6808F900043B61 /* NetworkManager.swift */; };
		FCA8E9C32B68090600043B61 /* SocketService.swift in Sources */ = {isa = PBXBuildFile; fileRef = FCA8E9C22B68090600043B61 /* SocketService.swift */; };
		FCA8E9C52B68090E00043B61 /* WebService.swift in Sources */ = {isa = PBXBuildFile; fileRef = FCA8E9C42B68090E00043B61 /* WebService.swift */; };
		FCA8E9C92B68582700043B61 /* Constants.swift in Sources */ = {isa = PBXBuildFile; fileRef = FCA8E9C82B68582700043B61 /* Constants.swift */; };
		FCA8E9CB2B685A8300043B61 /* SymbolViewModel.swift in Sources */ = {isa = PBXBuildFile; fileRef = FCA8E9CA2B685A8300043B61 /* SymbolViewModel.swift */; };
		FCA8E9CD2B685AB600043B61 /* SymbolDetailViewModel.swift in Sources */ = {isa = PBXBuildFile; fileRef = FCA8E9CC2B685AB600043B61 /* SymbolDetailViewModel.swift */; };
		FCA8E9CF2B685AE600043B61 /* SymbolViewController.swift in Sources */ = {isa = PBXBuildFile; fileRef = FCA8E9CE2B685AE600043B61 /* SymbolViewController.swift */; };
		FCA8E9D12B685AFE00043B61 /* SymbolDetailsViewController.swift in Sources */ = {isa = PBXBuildFile; fileRef = FCA8E9D02B685AFE00043B61 /* SymbolDetailsViewController.swift */; };
		FCA8E9F62B69940700043B61 /* CustomErrors.swift in Sources */ = {isa = PBXBuildFile; fileRef = FCA8E9F52B69940700043B61 /* CustomErrors.swift */; };
		FCA8E9F82B69955B00043B61 /* SymbolView.swift in Sources */ = {isa = PBXBuildFile; fileRef = FCA8E9F72B69955B00043B61 /* SymbolView.swift */; };
		FCA8E9FA2B6995B500043B61 /* SymbolViewCell.swift in Sources */ = {isa = PBXBuildFile; fileRef = FCA8E9F92B6995B500043B61 /* SymbolViewCell.swift */; };
		FCBC060E2B6C07EC0056E327 /* StreamingViewController.swift in Sources */ = {isa = PBXBuildFile; fileRef = FCBC060D2B6C07EC0056E327 /* StreamingViewController.swift */; };
		FCBC06102B6C36220056E327 /* PickerView.swift in Sources */ = {isa = PBXBuildFile; fileRef = FCBC060F2B6C36220056E327 /* PickerView.swift */; };
		FCBC06122B6C5DB00056E327 /* MarketViewController.swift in Sources */ = {isa = PBXBuildFile; fileRef = FCBC06112B6C5DB00056E327 /* MarketViewController.swift */; };
		FCBC06142B6C5E020056E327 /* MarketView.swift in Sources */ = {isa = PBXBuildFile; fileRef = FCBC06132B6C5E020056E327 /* MarketView.swift */; };
/* End PBXBuildFile section */

/* Begin PBXFileReference section */
		FCA8E9972B6807A700043B61 /* FinnHub.app */ = {isa = PBXFileReference; explicitFileType = wrapper.application; includeInIndex = 0; path = FinnHub.app; sourceTree = BUILT_PRODUCTS_DIR; };
		FCA8E99A2B6807A700043B61 /* AppDelegate.swift */ = {isa = PBXFileReference; lastKnownFileType = sourcecode.swift; path = AppDelegate.swift; sourceTree = "<group>"; };
		FCA8E99C2B6807A700043B61 /* SceneDelegate.swift */ = {isa = PBXFileReference; lastKnownFileType = sourcecode.swift; path = SceneDelegate.swift; sourceTree = "<group>"; };
		FCA8E9A12B6807A700043B61 /* Base */ = {isa = PBXFileReference; lastKnownFileType = file.storyboard; name = Base; path = Base.lproj/Main.storyboard; sourceTree = "<group>"; };
		FCA8E9A42B6807A700043B61 /* FinnHub.xcdatamodel */ = {isa = PBXFileReference; lastKnownFileType = wrapper.xcdatamodel; path = FinnHub.xcdatamodel; sourceTree = "<group>"; };
		FCA8E9A62B6807A900043B61 /* Assets.xcassets */ = {isa = PBXFileReference; lastKnownFileType = folder.assetcatalog; path = Assets.xcassets; sourceTree = "<group>"; };
		FCA8E9A92B6807A900043B61 /* Base */ = {isa = PBXFileReference; lastKnownFileType = file.storyboard; name = Base; path = Base.lproj/LaunchScreen.storyboard; sourceTree = "<group>"; };
		FCA8E9AB2B6807A900043B61 /* Info.plist */ = {isa = PBXFileReference; lastKnownFileType = text.plist.xml; path = Info.plist; sourceTree = "<group>"; };
		FCA8E9B62B68087E00043B61 /* CompanyProfile.swift */ = {isa = PBXFileReference; lastKnownFileType = sourcecode.swift; path = CompanyProfile.swift; sourceTree = "<group>"; };
		FCA8E9B82B68088800043B61 /* CompanyNews.swift */ = {isa = PBXFileReference; lastKnownFileType = sourcecode.swift; path = CompanyNews.swift; sourceTree = "<group>"; };
		FCA8E9BA2B68089800043B61 /* PriceTarget.swift */ = {isa = PBXFileReference; lastKnownFileType = sourcecode.swift; path = PriceTarget.swift; sourceTree = "<group>"; };
		FCA8E9BC2B6808A700043B61 /* Recommendation.swift */ = {isa = PBXFileReference; lastKnownFileType = sourcecode.swift; path = Recommendation.swift; sourceTree = "<group>"; };
		FCA8E9BE2B6808BD00043B61 /* Exchange.swift */ = {isa = PBXFileReference; lastKnownFileType = sourcecode.swift; path = Exchange.swift; sourceTree = "<group>"; };
		FCA8E9C02B6808F900043B61 /* NetworkManager.swift */ = {isa = PBXFileReference; lastKnownFileType = sourcecode.swift; path = NetworkManager.swift; sourceTree = "<group>"; };
		FCA8E9C22B68090600043B61 /* SocketService.swift */ = {isa = PBXFileReference; lastKnownFileType = sourcecode.swift; path = SocketService.swift; sourceTree = "<group>"; };
		FCA8E9C42B68090E00043B61 /* WebService.swift */ = {isa = PBXFileReference; lastKnownFileType = sourcecode.swift; path = WebService.swift; sourceTree = "<group>"; };
		FCA8E9C82B68582700043B61 /* Constants.swift */ = {isa = PBXFileReference; lastKnownFileType = sourcecode.swift; path = Constants.swift; sourceTree = "<group>"; };
		FCA8E9CA2B685A8300043B61 /* SymbolViewModel.swift */ = {isa = PBXFileReference; lastKnownFileType = sourcecode.swift; path = SymbolViewModel.swift; sourceTree = "<group>"; };
		FCA8E9CC2B685AB600043B61 /* SymbolDetailViewModel.swift */ = {isa = PBXFileReference; lastKnownFileType = sourcecode.swift; path = SymbolDetailViewModel.swift; sourceTree = "<group>"; };
		FCA8E9CE2B685AE600043B61 /* SymbolViewController.swift */ = {isa = PBXFileReference; lastKnownFileType = sourcecode.swift; path = SymbolViewController.swift; sourceTree = "<group>"; };
		FCA8E9D02B685AFE00043B61 /* SymbolDetailsViewController.swift */ = {isa = PBXFileReference; lastKnownFileType = sourcecode.swift; path = SymbolDetailsViewController.swift; sourceTree = "<group>"; };
		FCA8E9F52B69940700043B61 /* CustomErrors.swift */ = {isa = PBXFileReference; lastKnownFileType = sourcecode.swift; path = CustomErrors.swift; sourceTree = "<group>"; };
		FCA8E9F72B69955B00043B61 /* SymbolView.swift */ = {isa = PBXFileReference; lastKnownFileType = sourcecode.swift; path = SymbolView.swift; sourceTree = "<group>"; };
		FCA8E9F92B6995B500043B61 /* SymbolViewCell.swift */ = {isa = PBXFileReference; lastKnownFileType = sourcecode.swift; path = SymbolViewCell.swift; sourceTree = "<group>"; };
		FCBC060D2B6C07EC0056E327 /* StreamingViewController.swift */ = {isa = PBXFileReference; lastKnownFileType = sourcecode.swift; path = StreamingViewController.swift; sourceTree = "<group>"; };
		FCBC060F2B6C36220056E327 /* PickerView.swift */ = {isa = PBXFileReference; lastKnownFileType = sourcecode.swift; path = PickerView.swift; sourceTree = "<group>"; };
		FCBC06112B6C5DB00056E327 /* MarketViewController.swift */ = {isa = PBXFileReference; lastKnownFileType = sourcecode.swift; path = MarketViewController.swift; sourceTree = "<group>"; };
		FCBC06132B6C5E020056E327 /* MarketView.swift */ = {isa = PBXFileReference; lastKnownFileType = sourcecode.swift; path = MarketView.swift; sourceTree = "<group>"; };
/* End PBXFileReference section */

/* Begin PBXFrameworksBuildPhase section */
		FCA8E9942B6807A700043B61 /* Frameworks */ = {
			isa = PBXFrameworksBuildPhase;
			buildActionMask = 2147483647;
			files = (
			);
			runOnlyForDeploymentPostprocessing = 0;
		};
/* End PBXFrameworksBuildPhase section */

/* Begin PBXGroup section */
		FCA8E98E2B6807A700043B61 = {
			isa = PBXGroup;
			children = (
				FCA8E9992B6807A700043B61 /* FinnHub */,
				FCA8E9982B6807A700043B61 /* Products */,
			);
			sourceTree = "<group>";
		};
		FCA8E9982B6807A700043B61 /* Products */ = {
			isa = PBXGroup;
			children = (
				FCA8E9972B6807A700043B61 /* FinnHub.app */,
			);
			name = Products;
			sourceTree = "<group>";
		};
		FCA8E9992B6807A700043B61 /* FinnHub */ = {
			isa = PBXGroup;
			children = (
				FCA8E9B12B6807F200043B61 /* NetworkManager */,
				FCA8E9B22B6807FD00043B61 /* ViewControllers */,
				FCA8E9B42B68081100043B61 /* Model */,
				FCA8E9B52B68081800043B61 /* ViewModels */,
				FCA8E9B32B68080A00043B61 /* Views */,
				FCA8E9C72B68580300043B61 /* Misc */,
				FCA8E9A02B6807A700043B61 /* Main.storyboard */,
				FCA8E9A82B6807A900043B61 /* LaunchScreen.storyboard */,
				FCA8E9AB2B6807A900043B61 /* Info.plist */,
				FCA8E9A32B6807A700043B61 /* FinnHub.xcdatamodeld */,
			);
			path = FinnHub;
			sourceTree = "<group>";
		};
		FCA8E9B12B6807F200043B61 /* NetworkManager */ = {
			isa = PBXGroup;
			children = (
				FCA8E9C02B6808F900043B61 /* NetworkManager.swift */,
				FCA8E9C22B68090600043B61 /* SocketService.swift */,
				FCA8E9C42B68090E00043B61 /* WebService.swift */,
			);
			path = NetworkManager;
			sourceTree = "<group>";
		};
		FCA8E9B22B6807FD00043B61 /* ViewControllers */ = {
			isa = PBXGroup;
			children = (
				FCA8E9CE2B685AE600043B61 /* SymbolViewController.swift */,
				FCA8E9D02B685AFE00043B61 /* SymbolDetailsViewController.swift */,
				FCBC060D2B6C07EC0056E327 /* StreamingViewController.swift */,
				FCBC06112B6C5DB00056E327 /* MarketViewController.swift */,
			);
			path = ViewControllers;
			sourceTree = "<group>";
		};
		FCA8E9B32B68080A00043B61 /* Views */ = {
			isa = PBXGroup;
			children = (
				FCA8E9F72B69955B00043B61 /* SymbolView.swift */,
				FCA8E9F92B6995B500043B61 /* SymbolViewCell.swift */,
				FCBC060F2B6C36220056E327 /* PickerView.swift */,
				FCBC06132B6C5E020056E327 /* MarketView.swift */,
			);
			path = Views;
			sourceTree = "<group>";
		};
		FCA8E9B42B68081100043B61 /* Model */ = {
			isa = PBXGroup;
			children = (
				FCA8E9B62B68087E00043B61 /* CompanyProfile.swift */,
				FCA8E9B82B68088800043B61 /* CompanyNews.swift */,
				FCA8E9BA2B68089800043B61 /* PriceTarget.swift */,
				FCA8E9BC2B6808A700043B61 /* Recommendation.swift */,
				FCA8E9BE2B6808BD00043B61 /* Exchange.swift */,
			);
			path = Model;
			sourceTree = "<group>";
		};
		FCA8E9B52B68081800043B61 /* ViewModels */ = {
			isa = PBXGroup;
			children = (
				FCA8E9CA2B685A8300043B61 /* SymbolViewModel.swift */,
				FCA8E9CC2B685AB600043B61 /* SymbolDetailViewModel.swift */,
			);
			path = ViewModels;
			sourceTree = "<group>";
		};
		FCA8E9C72B68580300043B61 /* Misc */ = {
			isa = PBXGroup;
			children = (
				FCA8E9C82B68582700043B61 /* Constants.swift */,
				FCA8E99C2B6807A700043B61 /* SceneDelegate.swift */,
				FCA8E99A2B6807A700043B61 /* AppDelegate.swift */,
				FCA8E9A62B6807A900043B61 /* Assets.xcassets */,
				FCA8E9F52B69940700043B61 /* CustomErrors.swift */,
			);
			path = Misc;
			sourceTree = "<group>";
		};
/* End PBXGroup section */

/* Begin PBXNativeTarget section */
		FCA8E9962B6807A700043B61 /* FinnHub */ = {
			isa = PBXNativeTarget;
			buildConfigurationList = FCA8E9AE2B6807A900043B61 /* Build configuration list for PBXNativeTarget "FinnHub" */;
			buildPhases = (
				FCA8E9932B6807A700043B61 /* Sources */,
				FCA8E9942B6807A700043B61 /* Frameworks */,
				FCA8E9952B6807A700043B61 /* Resources */,
			);
			buildRules = (
			);
			dependencies = (
			);
			name = FinnHub;
			productName = FinnHub;
			productReference = FCA8E9972B6807A700043B61 /* FinnHub.app */;
			productType = "com.apple.product-type.application";
		};
/* End PBXNativeTarget section */

/* Begin PBXProject section */
		FCA8E98F2B6807A700043B61 /* Project object */ = {
			isa = PBXProject;
			attributes = {
				BuildIndependentTargetsInParallel = 1;
				LastSwiftUpdateCheck = 1500;
				LastUpgradeCheck = 1500;
				TargetAttributes = {
					FCA8E9962B6807A700043B61 = {
						CreatedOnToolsVersion = 15.0.1;
					};
				};
			};
			buildConfigurationList = FCA8E9922B6807A700043B61 /* Build configuration list for PBXProject "FinnHub" */;
			compatibilityVersion = "Xcode 14.0";
			developmentRegion = en;
			hasScannedForEncodings = 0;
			knownRegions = (
				en,
				Base,
			);
			mainGroup = FCA8E98E2B6807A700043B61;
			productRefGroup = FCA8E9982B6807A700043B61 /* Products */;
			projectDirPath = "";
			projectRoot = "";
			targets = (
				FCA8E9962B6807A700043B61 /* FinnHub */,
			);
		};
/* End PBXProject section */

/* Begin PBXResourcesBuildPhase section */
		FCA8E9952B6807A700043B61 /* Resources */ = {
			isa = PBXResourcesBuildPhase;
			buildActionMask = 2147483647;
			files = (
				FCA8E9AA2B6807A900043B61 /* LaunchScreen.storyboard in Resources */,
				FCA8E9A72B6807A900043B61 /* Assets.xcassets in Resources */,
				FCA8E9A22B6807A700043B61 /* Main.storyboard in Resources */,
			);
			runOnlyForDeploymentPostprocessing = 0;
		};
/* End PBXResourcesBuildPhase section */

/* Begin PBXSourcesBuildPhase section */
		FCA8E9932B6807A700043B61 /* Sources */ = {
			isa = PBXSourcesBuildPhase;
			buildActionMask = 2147483647;
			files = (
				FCA8E9CB2B685A8300043B61 /* SymbolViewModel.swift in Sources */,
				FCA8E9F62B69940700043B61 /* CustomErrors.swift in Sources */,
				FCA8E9B92B68088800043B61 /* CompanyNews.swift in Sources */,
				FCA8E9C12B6808F900043B61 /* NetworkManager.swift in Sources */,
				FCA8E9B72B68087E00043B61 /* CompanyProfile.swift in Sources */,
				FCBC06102B6C36220056E327 /* PickerView.swift in Sources */,
				FCA8E99B2B6807A700043B61 /* AppDelegate.swift in Sources */,
				FCA8E9C32B68090600043B61 /* SocketService.swift in Sources */,
				FCA8E9C52B68090E00043B61 /* WebService.swift in Sources */,
				FCBC06142B6C5E020056E327 /* MarketView.swift in Sources */,
				FCA8E9C92B68582700043B61 /* Constants.swift in Sources */,
				FCBC060E2B6C07EC0056E327 /* StreamingViewController.swift in Sources */,
				FCA8E9BD2B6808A700043B61 /* Recommendation.swift in Sources */,
				FCA8E9A52B6807A700043B61 /* FinnHub.xcdatamodeld in Sources */,
				FCA8E9FA2B6995B500043B61 /* SymbolViewCell.swift in Sources */,
				FCA8E9BB2B68089800043B61 /* PriceTarget.swift in Sources */,
				FCA8E9F82B69955B00043B61 /* SymbolView.swift in Sources */,
				FCA8E99D2B6807A700043B61 /* SceneDelegate.swift in Sources */,
				FCA8E9CD2B685AB600043B61 /* SymbolDetailViewModel.swift in Sources */,
				FCBC06122B6C5DB00056E327 /* MarketViewController.swift in Sources */,
				FCA8E9CF2B685AE600043B61 /* SymbolViewController.swift in Sources */,
				FCA8E9D12B685AFE00043B61 /* SymbolDetailsViewController.swift in Sources */,
				FCA8E9BF2B6808BD00043B61 /* Exchange.swift in Sources */,
			);
			runOnlyForDeploymentPostprocessing = 0;
		};
/* End PBXSourcesBuildPhase section */

/* Begin PBXVariantGroup section */
		FCA8E9A02B6807A700043B61 /* Main.storyboard */ = {
			isa = PBXVariantGroup;
			children = (
				FCA8E9A12B6807A700043B61 /* Base */,
			);
			name = Main.storyboard;
			sourceTree = "<group>";
		};
		FCA8E9A82B6807A900043B61 /* LaunchScreen.storyboard */ = {
			isa = PBXVariantGroup;
			children = (
				FCA8E9A92B6807A900043B61 /* Base */,
			);
			name = LaunchScreen.storyboard;
			sourceTree = "<group>";
		};
/* End PBXVariantGroup section */

/* Begin XCBuildConfiguration section */
		FCA8E9AC2B6807A900043B61 /* Debug */ = {
			isa = XCBuildConfiguration;
			buildSettings = {
				ALWAYS_SEARCH_USER_PATHS = NO;
				ASSETCATALOG_COMPILER_GENERATE_SWIFT_ASSET_SYMBOL_EXTENSIONS = YES;
				CLANG_ANALYZER_NONNULL = YES;
				CLANG_ANALYZER_NUMBER_OBJECT_CONVERSION = YES_AGGRESSIVE;
				CLANG_CXX_LANGUAGE_STANDARD = "gnu++20";
				CLANG_ENABLE_MODULES = YES;
				CLANG_ENABLE_OBJC_ARC = YES;
				CLANG_ENABLE_OBJC_WEAK = YES;
				CLANG_WARN_BLOCK_CAPTURE_AUTORELEASING = YES;
				CLANG_WARN_BOOL_CONVERSION = YES;
				CLANG_WARN_COMMA = YES;
				CLANG_WARN_CONSTANT_CONVERSION = YES;
				CLANG_WARN_DEPRECATED_OBJC_IMPLEMENTATIONS = YES;
				CLANG_WARN_DIRECT_OBJC_ISA_USAGE = YES_ERROR;
				CLANG_WARN_DOCUMENTATION_COMMENTS = YES;
				CLANG_WARN_EMPTY_BODY = YES;
				CLANG_WARN_ENUM_CONVERSION = YES;
				CLANG_WARN_INFINITE_RECURSION = YES;
				CLANG_WARN_INT_CONVERSION = YES;
				CLANG_WARN_NON_LITERAL_NULL_CONVERSION = YES;
				CLANG_WARN_OBJC_IMPLICIT_RETAIN_SELF = YES;
				CLANG_WARN_OBJC_LITERAL_CONVERSION = YES;
				CLANG_WARN_OBJC_ROOT_CLASS = YES_ERROR;
				CLANG_WARN_QUOTED_INCLUDE_IN_FRAMEWORK_HEADER = YES;
				CLANG_WARN_RANGE_LOOP_ANALYSIS = YES;
				CLANG_WARN_STRICT_PROTOTYPES = YES;
				CLANG_WARN_SUSPICIOUS_MOVE = YES;
				CLANG_WARN_UNGUARDED_AVAILABILITY = YES_AGGRESSIVE;
				CLANG_WARN_UNREACHABLE_CODE = YES;
				CLANG_WARN__DUPLICATE_METHOD_MATCH = YES;
				COPY_PHASE_STRIP = NO;
				DEBUG_INFORMATION_FORMAT = dwarf;
				ENABLE_STRICT_OBJC_MSGSEND = YES;
				ENABLE_TESTABILITY = YES;
				ENABLE_USER_SCRIPT_SANDBOXING = YES;
				GCC_C_LANGUAGE_STANDARD = gnu17;
				GCC_DYNAMIC_NO_PIC = NO;
				GCC_NO_COMMON_BLOCKS = YES;
				GCC_OPTIMIZATION_LEVEL = 0;
				GCC_PREPROCESSOR_DEFINITIONS = (
					"DEBUG=1",
					"$(inherited)",
				);
				GCC_WARN_64_TO_32_BIT_CONVERSION = YES;
				GCC_WARN_ABOUT_RETURN_TYPE = YES_ERROR;
				GCC_WARN_UNDECLARED_SELECTOR = YES;
				GCC_WARN_UNINITIALIZED_AUTOS = YES_AGGRESSIVE;
				GCC_WARN_UNUSED_FUNCTION = YES;
				GCC_WARN_UNUSED_VARIABLE = YES;
				IPHONEOS_DEPLOYMENT_TARGET = 17.0;
				LOCALIZATION_PREFERS_STRING_CATALOGS = YES;
				MTL_ENABLE_DEBUG_INFO = INCLUDE_SOURCE;
				MTL_FAST_MATH = YES;
				ONLY_ACTIVE_ARCH = YES;
				SDKROOT = iphoneos;
				SWIFT_ACTIVE_COMPILATION_CONDITIONS = "DEBUG $(inherited)";
				SWIFT_OPTIMIZATION_LEVEL = "-Onone";
			};
			name = Debug;
		};
		FCA8E9AD2B6807A900043B61 /* Release */ = {
			isa = XCBuildConfiguration;
			buildSettings = {
				ALWAYS_SEARCH_USER_PATHS = NO;
				ASSETCATALOG_COMPILER_GENERATE_SWIFT_ASSET_SYMBOL_EXTENSIONS = YES;
				CLANG_ANALYZER_NONNULL = YES;
				CLANG_ANALYZER_NUMBER_OBJECT_CONVERSION = YES_AGGRESSIVE;
				CLANG_CXX_LANGUAGE_STANDARD = "gnu++20";
				CLANG_ENABLE_MODULES = YES;
				CLANG_ENABLE_OBJC_ARC = YES;
				CLANG_ENABLE_OBJC_WEAK = YES;
				CLANG_WARN_BLOCK_CAPTURE_AUTORELEASING = YES;
				CLANG_WARN_BOOL_CONVERSION = YES;
				CLANG_WARN_COMMA = YES;
				CLANG_WARN_CONSTANT_CONVERSION = YES;
				CLANG_WARN_DEPRECATED_OBJC_IMPLEMENTATIONS = YES;
				CLANG_WARN_DIRECT_OBJC_ISA_USAGE = YES_ERROR;
				CLANG_WARN_DOCUMENTATION_COMMENTS = YES;
				CLANG_WARN_EMPTY_BODY = YES;
				CLANG_WARN_ENUM_CONVERSION = YES;
				CLANG_WARN_INFINITE_RECURSION = YES;
				CLANG_WARN_INT_CONVERSION = YES;
				CLANG_WARN_NON_LITERAL_NULL_CONVERSION = YES;
				CLANG_WARN_OBJC_IMPLICIT_RETAIN_SELF = YES;
				CLANG_WARN_OBJC_LITERAL_CONVERSION = YES;
				CLANG_WARN_OBJC_ROOT_CLASS = YES_ERROR;
				CLANG_WARN_QUOTED_INCLUDE_IN_FRAMEWORK_HEADER = YES;
				CLANG_WARN_RANGE_LOOP_ANALYSIS = YES;
				CLANG_WARN_STRICT_PROTOTYPES = YES;
				CLANG_WARN_SUSPICIOUS_MOVE = YES;
				CLANG_WARN_UNGUARDED_AVAILABILITY = YES_AGGRESSIVE;
				CLANG_WARN_UNREACHABLE_CODE = YES;
				CLANG_WARN__DUPLICATE_METHOD_MATCH = YES;
				COPY_PHASE_STRIP = NO;
				DEBUG_INFORMATION_FORMAT = "dwarf-with-dsym";
				ENABLE_NS_ASSERTIONS = NO;
				ENABLE_STRICT_OBJC_MSGSEND = YES;
				ENABLE_USER_SCRIPT_SANDBOXING = YES;
				GCC_C_LANGUAGE_STANDARD = gnu17;
				GCC_NO_COMMON_BLOCKS = YES;
				GCC_WARN_64_TO_32_BIT_CONVERSION = YES;
				GCC_WARN_ABOUT_RETURN_TYPE = YES_ERROR;
				GCC_WARN_UNDECLARED_SELECTOR = YES;
				GCC_WARN_UNINITIALIZED_AUTOS = YES_AGGRESSIVE;
				GCC_WARN_UNUSED_FUNCTION = YES;
				GCC_WARN_UNUSED_VARIABLE = YES;
				IPHONEOS_DEPLOYMENT_TARGET = 17.0;
				LOCALIZATION_PREFERS_STRING_CATALOGS = YES;
				MTL_ENABLE_DEBUG_INFO = NO;
				MTL_FAST_MATH = YES;
				SDKROOT = iphoneos;
				SWIFT_COMPILATION_MODE = wholemodule;
				VALIDATE_PRODUCT = YES;
			};
			name = Release;
		};
		FCA8E9AF2B6807A900043B61 /* Debug */ = {
			isa = XCBuildConfiguration;
			buildSettings = {
				ASSETCATALOG_COMPILER_APPICON_NAME = AppIcon;
				ASSETCATALOG_COMPILER_GLOBAL_ACCENT_COLOR_NAME = AccentColor;
				CODE_SIGN_STYLE = Automatic;
				CURRENT_PROJECT_VERSION = 1;
				DEVELOPMENT_TEAM = 8NL63WFM7T;
				GENERATE_INFOPLIST_FILE = YES;
				INFOPLIST_FILE = FinnHub/Info.plist;
				INFOPLIST_KEY_UIApplicationSupportsIndirectInputEvents = YES;
				INFOPLIST_KEY_UILaunchStoryboardName = LaunchScreen;
				INFOPLIST_KEY_UIMainStoryboardFile = Main;
				INFOPLIST_KEY_UISupportedInterfaceOrientations = UIInterfaceOrientationPortrait;
				INFOPLIST_KEY_UISupportedInterfaceOrientations_iPad = "UIInterfaceOrientationLandscapeLeft UIInterfaceOrientationLandscapeRight UIInterfaceOrientationPortrait UIInterfaceOrientationPortraitUpsideDown";
				LD_RUNPATH_SEARCH_PATHS = (
					"$(inherited)",
					"@executable_path/Frameworks",
				);
				MARKETING_VERSION = 1.0;
				PRODUCT_BUNDLE_IDENTIFIER = com.alisiddiqui.FinnHub;
				PRODUCT_NAME = "$(TARGET_NAME)";
				SWIFT_EMIT_LOC_STRINGS = YES;
				SWIFT_VERSION = 5.0;
				TARGETED_DEVICE_FAMILY = "1,2";
			};
			name = Debug;
		};
		FCA8E9B02B6807A900043B61 /* Release */ = {
			isa = XCBuildConfiguration;
			buildSettings = {
				ASSETCATALOG_COMPILER_APPICON_NAME = AppIcon;
				ASSETCATALOG_COMPILER_GLOBAL_ACCENT_COLOR_NAME = AccentColor;
				CODE_SIGN_STYLE = Automatic;
				CURRENT_PROJECT_VERSION = 1;
				DEVELOPMENT_TEAM = 8NL63WFM7T;
				GENERATE_INFOPLIST_FILE = YES;
				INFOPLIST_FILE = FinnHub/Info.plist;
				INFOPLIST_KEY_UIApplicationSupportsIndirectInputEvents = YES;
				INFOPLIST_KEY_UILaunchStoryboardName = LaunchScreen;
				INFOPLIST_KEY_UIMainStoryboardFile = Main;
				INFOPLIST_KEY_UISupportedInterfaceOrientations = UIInterfaceOrientationPortrait;
				INFOPLIST_KEY_UISupportedInterfaceOrientations_iPad = "UIInterfaceOrientationLandscapeLeft UIInterfaceOrientationLandscapeRight UIInterfaceOrientationPortrait UIInterfaceOrientationPortraitUpsideDown";
				LD_RUNPATH_SEARCH_PATHS = (
					"$(inherited)",
					"@executable_path/Frameworks",
				);
				MARKETING_VERSION = 1.0;
				PRODUCT_BUNDLE_IDENTIFIER = com.alisiddiqui.FinnHub;
				PRODUCT_NAME = "$(TARGET_NAME)";
				SWIFT_EMIT_LOC_STRINGS = YES;
				SWIFT_VERSION = 5.0;
				TARGETED_DEVICE_FAMILY = "1,2";
			};
			name = Release;
		};
/* End XCBuildConfiguration section */

/* Begin XCConfigurationList section */
		FCA8E9922B6807A700043B61 /* Build configuration list for PBXProject "FinnHub" */ = {
			isa = XCConfigurationList;
			buildConfigurations = (
				FCA8E9AC2B6807A900043B61 /* Debug */,
				FCA8E9AD2B6807A900043B61 /* Release */,
			);
			defaultConfigurationIsVisible = 0;
			defaultConfigurationName = Release;
		};
		FCA8E9AE2B6807A900043B61 /* Build configuration list for PBXNativeTarget "FinnHub" */ = {
			isa = XCConfigurationList;
			buildConfigurations = (
				FCA8E9AF2B6807A900043B61 /* Debug */,
				FCA8E9B02B6807A900043B61 /* Release */,
			);
			defaultConfigurationIsVisible = 0;
			defaultConfigurationName = Release;
		};
/* End XCConfigurationList section */

/* Begin XCVersionGroup section */
		FCA8E9A32B6807A700043B61 /* FinnHub.xcdatamodeld */ = {
			isa = XCVersionGroup;
			children = (
				FCA8E9A42B6807A700043B61 /* FinnHub.xcdatamodel */,
			);
			currentVersion = FCA8E9A42B6807A700043B61 /* FinnHub.xcdatamodel */;
			path = FinnHub.xcdatamodeld;
			sourceTree = "<group>";
			versionGroupType = wrapper.xcdatamodel;
		};
/* End XCVersionGroup section */
	};
	rootObject = FCA8E98F2B6807A700043B61 /* Project object */;
}
